
Microsoft Visual Studio Solution File, Format Version 12.00
# Visual Studio Version 16
VisualStudioVersion = 16.0.30804.86
MinimumVisualStudioVersion = 10.0.40219.1
Project("{9A19103F-16F7-4668-BE54-9A1E7A4F7556}") = "WebFinalApp", "WebFinalApp\WebFinalApp.csproj", "{ED32AF6F-000C-484D-A7D7-58476505A143}"
EndProject
Project("{FAE04EC0-301F-11D3-BF4B-00C04F79EFBC}") = "WebFinalDB", "WebFinalDB\WebFinalDB.csproj", "{05749102-46CF-42DC-873B-97B53996B21F}"
EndProject
Global
	GlobalSection(SolutionConfigurationPlatforms) = preSolution
		Debug|Any CPU = Debug|Any CPU
		Release|Any CPU = Release|Any CPU
	EndGlobalSection
	GlobalSection(ProjectConfigurationPlatforms) = postSolution
		{ED32AF6F-000C-484D-A7D7-58476505A143}.Debug|Any CPU.ActiveCfg = Debug|Any CPU
		{ED32AF6F-000C-484D-A7D7-58476505A143}.Debug|Any CPU.Build.0 = Debug|Any CPU
		{ED32AF6F-000C-484D-A7D7-58476505A143}.Release|Any CPU.ActiveCfg = Release|Any CPU
		{ED32AF6F-000C-484D-A7D7-58476505A143}.Release|Any CPU.Build.0 = Release|Any CPU
		{05749102-46CF-42DC-873B-97B53996B21F}.Debug|Any CPU.ActiveCfg = Debug|Any CPU
		{05749102-46CF-42DC-873B-97B53996B21F}.Debug|Any CPU.Build.0 = Debug|Any CPU
		{05749102-46CF-42DC-873B-97B53996B21F}.Release|Any CPU.ActiveCfg = Release|Any CPU
		{05749102-46CF-42DC-873B-97B53996B21F}.Release|Any CPU.Build.0 = Release|Any CPU
	EndGlobalSection
	GlobalSection(SolutionProperties) = preSolution
		HideSolutionNode = FALSE
	EndGlobalSection
	GlobalSection(ExtensibilityGlobals) = postSolution
		SolutionGuid = {63B6FB9A-A573-46DC-8F0B-A66DAB9C8E82}
	EndGlobalSection
EndGlobal
